PODS:
  - SlideMenuControllerSwift (4.1.0)

DEPENDENCIES:
  - SlideMenuControllerSwift (from `..`)

EXTERNAL SOURCES:
  SlideMenuControllerSwift:
    :path: ".."

SPEC CHECKSUMS:
  SlideMenuControllerSwift: 9b9930ef6d348cce8bf5f6b858d59bdbdfd24068

PODFILE CHECKSUM: abfcee09787028f74d5e94d7b697834b33a95723

COCOAPODS: 1.7.0.rc.1
